dependencies:
- name: memcached
  repository: https://charts.bitnami.com/bitnami
  version: 6.0.3
- name: rabbitmq
  repository: https://charts.bitnami.com/bitnami
  version: 7.7.1
digest: sha256:c8739425b372a8c02644ebd17dc24dbc755eb0d6992b149cf88a92877bae4038
generated: "2022-02-22T00:29:00.710310279+03:00"
