dependencies:
- name: rabbitmq
  repository: https://charts.bitnami.com/bitnami
  version: 13.0.0
- name: common
  repository: https://charts.bitnami.com/bitnami
  version: 2.19.0
- name: redis
  repository: https://charts.bitnami.com/bitnami
  version: 19.0.1
digest: sha256:5120c705448777bf0eb71a6746c50ceb9dbb068cbd0b10b26ec5a312e08fa373
generated: "2024-03-25T21:32:17.15326826+03:00"
