dependencies:
- name: memcached
  repository: https://charts.bitnami.com/bitnami
  version: 6.3.5
- name: rabbitmq
  repository: https://charts.bitnami.com/bitnami
  version: 11.4.0
digest: sha256:53846de041b53a6aabc7ad1da1f7e82b69a83aae83ca383f9ff231e57dceb9e6
generated: "2023-01-15T02:13:31.942790882+03:00"
